// !$*UTF8*$!
{
	archiveVersion = 1;
	classes = {
	};
	objectVersion = 46;
	objects = {

/* Begin PBXBuildFile section */
		E90F36CE1E8A721D00E7F85D /* 81v2Ahk8X-L._SX355_.jpg in Resources */ = {isa = PBXBuildFile; fileRef = E90F36CD1E8A721D00E7F85D /* 81v2Ahk8X-L._SX355_.jpg */; };
		E9207D6D1FA5D1870068C907 /* XLPagerTabStrip.framework in Frameworks */ = {isa = PBXBuildFile; fileRef = E9207D6C1FA5D1870068C907 /* XLPagerTabStrip.framework */; };
		E9444E661FB5EC6200D8103F /* EngeniusAPIRouter.swift in Sources */ = {isa = PBXBuildFile; fileRef = E9444E651FB5EC6200D8103F /* EngeniusAPIRouter.swift */; };
		E97CA95F1E54AC6300901AC7 /* AppDelegate.swift in Sources */ = {isa = PBXBuildFile; fileRef = E97CA95E1E54AC6300901AC7 /* AppDelegate.swift */; };
		E97CA9611E54AC6300901AC7 /* EGViewController.swift in Sources */ = {isa = PBXBuildFile; fileRef = E97CA9601E54AC6300901AC7 /* EGViewController.swift */; };
		E97CA9641E54AC6300901AC7 /* Main.storyboard in Resources */ = {isa = PBXBuildFile; fileRef = E97CA9621E54AC6300901AC7 /* Main.storyboard */; };
		E97CA9671E54AC6300901AC7 /* Engenius_client.xcdatamodeld in Sources */ = {isa = PBXBuildFile; fileRef = E97CA9651E54AC6300901AC7 /* Engenius_client.xcdatamodeld */; };
		E97CA9691E54AC6300901AC7 /* Assets.xcassets in Resources */ = {isa = PBXBuildFile; fileRef = E97CA9681E54AC6300901AC7 /* Assets.xcassets */; };
		E97CA96C1E54AC6300901AC7 /* LaunchScreen.storyboard in Resources */ = {isa = PBXBuildFile; fileRef = E97CA96A1E54AC6300901AC7 /* LaunchScreen.storyboard */; };
		E97CA9771E54AC6300901AC7 /* Engenius_clientTests.swift in Sources */ = {isa = PBXBuildFile; fileRef = E97CA9761E54AC6300901AC7 /* Engenius_clientTests.swift */; };
		E97CA9821E54AC6400901AC7 /* Engenius_clientUITests.swift in Sources */ = {isa = PBXBuildFile; fileRef = E97CA9811E54AC6400901AC7 /* Engenius_clientUITests.swift */; };
		E99066161E8E203A00FB5EE6 /* ArticlesTableViewController.swift in Sources */ = {isa = PBXBuildFile; fileRef = E99066141E8E203A00FB5EE6 /* ArticlesTableViewController.swift */; };
		E9951F021E882C2C00457B72 /* ArticlesTableViewCell.swift in Sources */ = {isa = PBXBuildFile; fileRef = E9951F001E882C2C00457B72 /* ArticlesTableViewCell.swift */; };
		E9951F031E882C2C00457B72 /* ArticlesTableViewCell.xib in Resources */ = {isa = PBXBuildFile; fileRef = E9951F011E882C2C00457B72 /* ArticlesTableViewCell.xib */; };
		E9AF170516941131D3C18B35 /* Pods_Engenius_client.framework in Frameworks */ = {isa = PBXBuildFile; fileRef = 1DCEB2494EF09B942AD21D8C /* Pods_Engenius_client.framework */; };
		E9C45C101FB70C11008DEE5B /* Article.swift in Sources */ = {isa = PBXBuildFile; fileRef = E9C45C0F1FB70C11008DEE5B /* Article.swift */; };
		E9C7E5481FB50BB30017D8FF /* Category.swift in Sources */ = {isa = PBXBuildFile; fileRef = E9C7E5471FB50BB30017D8FF /* Category.swift */; };
/* End PBXBuildFile section */

/* Begin PBXContainerItemProxy section */
		E97CA9731E54AC6300901AC7 /* PBXContainerItemProxy */ = {
			isa = PBXContainerItemProxy;
			containerPortal = E97CA9531E54AC6300901AC7 /* Project object */;
			proxyType = 1;
			remoteGlobalIDString = E97CA95A1E54AC6300901AC7;
			remoteInfo = Engenius_client;
		};
		E97CA97E1E54AC6400901AC7 /* PBXContainerItemProxy */ = {
			isa = PBXContainerItemProxy;
			containerPortal = E97CA9531E54AC6300901AC7 /* Project object */;
			proxyType = 1;
			remoteGlobalIDString = E97CA95A1E54AC6300901AC7;
			remoteInfo = Engenius_client;
		};
/* End PBXContainerItemProxy section */

/* Begin PBXFileReference section */
		1C89CF4DF4183E0AD2362D8C /* Pods-Engenius_client.debug.xcconfig */ = {isa = PBXFileReference; includeInIndex = 1; lastKnownFileType = text.xcconfig; name = "Pods-Engenius_client.debug.xcconfig"; path = "Pods/Target Support Files/Pods-Engenius_client/Pods-Engenius_client.debug.xcconfig"; sourceTree = "<group>"; };
		1DCEB2494EF09B942AD21D8C /* Pods_Engenius_client.framework */ = {isa = PBXFileReference; explicitFileType = wrapper.framework; includeInIndex = 0; path = Pods_Engenius_client.framework; sourceTree = BUILT_PRODUCTS_DIR; };
		743EB98D82596569853A51F1 /* Pods-Engenius_client.release.xcconfig */ = {isa = PBXFileReference; includeInIndex = 1; lastKnownFileType = text.xcconfig; name = "Pods-Engenius_client.release.xcconfig"; path = "Pods/Target Support Files/Pods-Engenius_client/Pods-Engenius_client.release.xcconfig"; sourceTree = "<group>"; };
		E90F36CD1E8A721D00E7F85D /* 81v2Ahk8X-L._SX355_.jpg */ = {isa = PBXFileReference; lastKnownFileType = image.jpeg; name = "81v2Ahk8X-L._SX355_.jpg"; path = "../../../../../../Users/akira/Pictures/81v2Ahk8X-L._SX355_.jpg"; sourceTree = "<group>"; };
		E9207D6C1FA5D1870068C907 /* XLPagerTabStrip.framework */ = {isa = PBXFileReference; lastKnownFileType = wrapper.framework; name = XLPagerTabStrip.framework; path = Carthage/Build/iOS/XLPagerTabStrip.framework; sourceTree = "<group>"; };
		E9444E651FB5EC6200D8103F /* EngeniusAPIRouter.swift */ = {isa = PBXFileReference; lastKnownFileType = sourcecode.swift; path = EngeniusAPIRouter.swift; sourceTree = "<group>"; };
		E97CA95B1E54AC6300901AC7 /* Engenius_client.app */ = {isa = PBXFileReference; explicitFileType = wrapper.application; includeInIndex = 0; path = Engenius_client.app; sourceTree = BUILT_PRODUCTS_DIR; };
		E97CA95E1E54AC6300901AC7 /* AppDelegate.swift */ = {isa = PBXFileReference; lastKnownFileType = sourcecode.swift; path = AppDelegate.swift; sourceTree = "<group>"; };
		E97CA9601E54AC6300901AC7 /* EGViewController.swift */ = {isa = PBXFileReference; lastKnownFileType = sourcecode.swift; path = EGViewController.swift; sourceTree = "<group>"; };
		E97CA9631E54AC6300901AC7 /* Base */ = {isa = PBXFileReference; lastKnownFileType = file.storyboard; name = Base; path = Base.lproj/Main.storyboard; sourceTree = "<group>"; };
		E97CA9661E54AC6300901AC7 /* Engenius_client.xcdatamodel */ = {isa = PBXFileReference; lastKnownFileType = wrapper.xcdatamodel; path = Engenius_client.xcdatamodel; sourceTree = "<group>"; };
		E97CA9681E54AC6300901AC7 /* Assets.xcassets */ = {isa = PBXFileReference; lastKnownFileType = folder.assetcatalog; path = Assets.xcassets; sourceTree = "<group>"; };
		E97CA96B1E54AC6300901AC7 /* Base */ = {isa = PBXFileReference; lastKnownFileType = file.storyboard; name = Base; path = Base.lproj/LaunchScreen.storyboard; sourceTree = "<group>"; };
		E97CA96D1E54AC6300901AC7 /* Info.plist */ = {isa = PBXFileReference; lastKnownFileType = text.plist.xml; path = Info.plist; sourceTree = "<group>"; };
		E97CA9721E54AC6300901AC7 /* Engenius_clientTests.xctest */ = {isa = PBXFileReference; explicitFileType = wrapper.cfbundle; includeInIndex = 0; path = Engenius_clientTests.xctest; sourceTree = BUILT_PRODUCTS_DIR; };
		E97CA9761E54AC6300901AC7 /* Engenius_clientTests.swift */ = {isa = PBXFileReference; lastKnownFileType = sourcecode.swift; path = Engenius_clientTests.swift; sourceTree = "<group>"; };
		E97CA9781E54AC6300901AC7 /* Info.plist */ = {isa = PBXFileReference; lastKnownFileType = text.plist.xml; path = Info.plist; sourceTree = "<group>"; };
		E97CA97D1E54AC6400901AC7 /* Engenius_clientUITests.xctest */ = {isa = PBXFileReference; explicitFileType = wrapper.cfbundle; includeInIndex = 0; path = Engenius_clientUITests.xctest; sourceTree = BUILT_PRODUCTS_DIR; };
		E97CA9811E54AC6400901AC7 /* Engenius_clientUITests.swift */ = {isa = PBXFileReference; lastKnownFileType = sourcecode.swift; path = Engenius_clientUITests.swift; sourceTree = "<group>"; };
		E97CA9831E54AC6400901AC7 /* Info.plist */ = {isa = PBXFileReference; lastKnownFileType = text.plist.xml; path = Info.plist; sourceTree = "<group>"; };
		E99066141E8E203A00FB5EE6 /* ArticlesTableViewController.swift */ = {isa = PBXFileReference; fileEncoding = 4; lastKnownFileType = sourcecode.swift; path = ArticlesTableViewController.swift; sourceTree = "<group>"; };
		E9951F001E882C2C00457B72 /* ArticlesTableViewCell.swift */ = {isa = PBXFileReference; fileEncoding = 4; lastKnownFileType = sourcecode.swift; path = ArticlesTableViewCell.swift; sourceTree = "<group>"; };
		E9951F011E882C2C00457B72 /* ArticlesTableViewCell.xib */ = {isa = PBXFileReference; fileEncoding = 4; lastKnownFileType = file.xib; path = ArticlesTableViewCell.xib; sourceTree = "<group>"; };
		E9C45C0F1FB70C11008DEE5B /* Article.swift */ = {isa = PBXFileReference; lastKnownFileType = sourcecode.swift; path = Article.swift; sourceTree = "<group>"; };
		E9C7E5471FB50BB30017D8FF /* Category.swift */ = {isa = PBXFileReference; lastKnownFileType = sourcecode.swift; path = Category.swift; sourceTree = "<group>"; };
/* End PBXFileReference section */

/* Begin PBXFrameworksBuildPhase section */
		E97CA9581E54AC6300901AC7 /* Frameworks */ = {
			isa = PBXFrameworksBuildPhase;
			buildActionMask = 2147483647;
			files = (
				E9207D6D1FA5D1870068C907 /* XLPagerTabStrip.framework in Frameworks */,
				E9AF170516941131D3C18B35 /* Pods_Engenius_client.framework in Frameworks */,
			);
			runOnlyForDeploymentPostprocessing = 0;
		};
		E97CA96F1E54AC6300901AC7 /* Frameworks */ = {
			isa = PBXFrameworksBuildPhase;
			buildActionMask = 2147483647;
			files = (
			);
			runOnlyForDeploymentPostprocessing = 0;
		};
		E97CA97A1E54AC6400901AC7 /* Frameworks */ = {
			isa = PBXFrameworksBuildPhase;
			buildActionMask = 2147483647;
			files = (
			);
			runOnlyForDeploymentPostprocessing = 0;
		};
/* End PBXFrameworksBuildPhase section */

/* Begin PBXGroup section */
		07E93755D0DC91B6B804B6F3 /* Frameworks */ = {
			isa = PBXGroup;
			children = (
				E9207D6C1FA5D1870068C907 /* XLPagerTabStrip.framework */,
				1DCEB2494EF09B942AD21D8C /* Pods_Engenius_client.framework */,
			);
			name = Frameworks;
			sourceTree = "<group>";
		};
		AEC53C28C8237F52E5DEE0C9 /* Pods */ = {
			isa = PBXGroup;
			children = (
				1C89CF4DF4183E0AD2362D8C /* Pods-Engenius_client.debug.xcconfig */,
				743EB98D82596569853A51F1 /* Pods-Engenius_client.release.xcconfig */,
			);
			name = Pods;
			sourceTree = "<group>";
		};
		E97CA9521E54AC6300901AC7 = {
			isa = PBXGroup;
			children = (
				E97CA95D1E54AC6300901AC7 /* Engenius_client */,
				E97CA9751E54AC6300901AC7 /* Engenius_clientTests */,
				E97CA9801E54AC6400901AC7 /* Engenius_clientUITests */,
				E97CA95C1E54AC6300901AC7 /* Products */,
				AEC53C28C8237F52E5DEE0C9 /* Pods */,
				07E93755D0DC91B6B804B6F3 /* Frameworks */,
			);
			sourceTree = "<group>";
		};
		E97CA95C1E54AC6300901AC7 /* Products */ = {
			isa = PBXGroup;
			children = (
				E97CA95B1E54AC6300901AC7 /* Engenius_client.app */,
				E97CA9721E54AC6300901AC7 /* Engenius_clientTests.xctest */,
				E97CA97D1E54AC6400901AC7 /* Engenius_clientUITests.xctest */,
			);
			name = Products;
			sourceTree = "<group>";
		};
		E97CA95D1E54AC6300901AC7 /* Engenius_client */ = {
			isa = PBXGroup;
			children = (
				E97CA95E1E54AC6300901AC7 /* AppDelegate.swift */,
				E9F109B71FBFCC1000E0EAEF /* Views */,
				E9F109B61FBFCBDF00E0EAEF /* ViewControllers */,
				E9C7E5461FB50A990017D8FF /* Models */,
				E97CA9621E54AC6300901AC7 /* Main.storyboard */,
				E97CA9681E54AC6300901AC7 /* Assets.xcassets */,
				E97CA96A1E54AC6300901AC7 /* LaunchScreen.storyboard */,
				E97CA96D1E54AC6300901AC7 /* Info.plist */,
				E97CA9651E54AC6300901AC7 /* Engenius_client.xcdatamodeld */,
				E90F36CD1E8A721D00E7F85D /* 81v2Ahk8X-L._SX355_.jpg */,
			);
			path = Engenius_client;
			sourceTree = "<group>";
		};
		E97CA9751E54AC6300901AC7 /* Engenius_clientTests */ = {
			isa = PBXGroup;
			children = (
				E97CA9761E54AC6300901AC7 /* Engenius_clientTests.swift */,
				E97CA9781E54AC6300901AC7 /* Info.plist */,
			);
			path = Engenius_clientTests;
			sourceTree = "<group>";
		};
		E97CA9801E54AC6400901AC7 /* Engenius_clientUITests */ = {
			isa = PBXGroup;
			children = (
				E97CA9811E54AC6400901AC7 /* Engenius_clientUITests.swift */,
				E97CA9831E54AC6400901AC7 /* Info.plist */,
			);
			path = Engenius_clientUITests;
			sourceTree = "<group>";
		};
		E9A489971E8A541A003F4C41 /* CustomCell */ = {
			isa = PBXGroup;
			children = (
				E9951F001E882C2C00457B72 /* ArticlesTableViewCell.swift */,
				E9951F011E882C2C00457B72 /* ArticlesTableViewCell.xib */,
			);
			name = CustomCell;
			sourceTree = "<group>";
		};
		E9C7E5461FB50A990017D8FF /* Models */ = {
			isa = PBXGroup;
			children = (
				E9444E651FB5EC6200D8103F /* EngeniusAPIRouter.swift */,
				E9C7E5471FB50BB30017D8FF /* Category.swift */,
				E9C45C0F1FB70C11008DEE5B /* Article.swift */,
			);
			name = Models;
			sourceTree = "<group>";
		};
		E9F109B61FBFCBDF00E0EAEF /* ViewControllers */ = {
			isa = PBXGroup;
			children = (
				E97CA9601E54AC6300901AC7 /* EGViewController.swift */,
				E99066141E8E203A00FB5EE6 /* ArticlesTableViewController.swift */,
			);
			name = ViewControllers;
			sourceTree = "<group>";
		};
		E9F109B71FBFCC1000E0EAEF /* Views */ = {
			isa = PBXGroup;
			children = (
				E9A489971E8A541A003F4C41 /* CustomCell */,
			);
			name = Views;
			sourceTree = "<group>";
		};
/* End PBXGroup section */

/* Begin PBXNativeTarget section */
		E97CA95A1E54AC6300901AC7 /* Engenius_client */ = {
			isa = PBXNativeTarget;
			buildConfigurationList = E97CA9861E54AC6400901AC7 /* Build configuration list for PBXNativeTarget "Engenius_client" */;
			buildPhases = (
				BEF23431AF8B4A3F3063A6CC /* [CP] Check Pods Manifest.lock */,
				E97CA9571E54AC6300901AC7 /* Sources */,
				E97CA9581E54AC6300901AC7 /* Frameworks */,
				E97CA9591E54AC6300901AC7 /* Resources */,
				08CD53571A457C646B88C198 /* [CP] Embed Pods Frameworks */,
				2D8F9C55A449F9BED10AD2DD /* [CP] Copy Pods Resources */,
				E9207D6E1FA5D19B0068C907 /* ShellScript */,
			);
			buildRules = (
			);
			dependencies = (
			);
			name = Engenius_client;
			productName = Engenius_client;
			productReference = E97CA95B1E54AC6300901AC7 /* Engenius_client.app */;
			productType = "com.apple.product-type.application";
		};
		E97CA9711E54AC6300901AC7 /* Engenius_clientTests */ = {
			isa = PBXNativeTarget;
			buildConfigurationList = E97CA9891E54AC6400901AC7 /* Build configuration list for PBXNativeTarget "Engenius_clientTests" */;
			buildPhases = (
				E97CA96E1E54AC6300901AC7 /* Sources */,
				E97CA96F1E54AC6300901AC7 /* Frameworks */,
				E97CA9701E54AC6300901AC7 /* Resources */,
			);
			buildRules = (
			);
			dependencies = (
				E97CA9741E54AC6300901AC7 /* PBXTargetDependency */,
			);
			name = Engenius_clientTests;
			productName = Engenius_clientTests;
			productReference = E97CA9721E54AC6300901AC7 /* Engenius_clientTests.xctest */;
			productType = "com.apple.product-type.bundle.unit-test";
		};
		E97CA97C1E54AC6400901AC7 /* Engenius_clientUITests */ = {
			isa = PBXNativeTarget;
			buildConfigurationList = E97CA98C1E54AC6400901AC7 /* Build configuration list for PBXNativeTarget "Engenius_clientUITests" */;
			buildPhases = (
				E97CA9791E54AC6400901AC7 /* Sources */,
				E97CA97A1E54AC6400901AC7 /* Frameworks */,
				E97CA97B1E54AC6400901AC7 /* Resources */,
			);
			buildRules = (
			);
			dependencies = (
				E97CA97F1E54AC6400901AC7 /* PBXTargetDependency */,
			);
			name = Engenius_clientUITests;
			productName = Engenius_clientUITests;
			productReference = E97CA97D1E54AC6400901AC7 /* Engenius_clientUITests.xctest */;
			productType = "com.apple.product-type.bundle.ui-testing";
		};
/* End PBXNativeTarget section */

/* Begin PBXProject section */
		E97CA9531E54AC6300901AC7 /* Project object */ = {
			isa = PBXProject;
			attributes = {
				LastSwiftUpdateCheck = 0820;
				LastUpgradeCheck = 0910;
				ORGANIZATIONNAME = "石川諒";
				TargetAttributes = {
					E97CA95A1E54AC6300901AC7 = {
						CreatedOnToolsVersion = 8.2.1;
						DevelopmentTeam = 8D69TY9Z9L;
						ProvisioningStyle = Automatic;
					};
					E97CA9711E54AC6300901AC7 = {
						CreatedOnToolsVersion = 8.2.1;
						ProvisioningStyle = Automatic;
						TestTargetID = E97CA95A1E54AC6300901AC7;
					};
					E97CA97C1E54AC6400901AC7 = {
						CreatedOnToolsVersion = 8.2.1;
						ProvisioningStyle = Automatic;
						TestTargetID = E97CA95A1E54AC6300901AC7;
					};
				};
			};
			buildConfigurationList = E97CA9561E54AC6300901AC7 /* Build configuration list for PBXProject "Engenius_client" */;
			compatibilityVersion = "Xcode 3.2";
			developmentRegion = English;
			hasScannedForEncodings = 0;
			knownRegions = (
				en,
				Base,
			);
			mainGroup = E97CA9521E54AC6300901AC7;
			productRefGroup = E97CA95C1E54AC6300901AC7 /* Products */;
			projectDirPath = "";
			projectRoot = "";
			targets = (
				E97CA95A1E54AC6300901AC7 /* Engenius_client */,
				E97CA9711E54AC6300901AC7 /* Engenius_clientTests */,
				E97CA97C1E54AC6400901AC7 /* Engenius_clientUITests */,
			);
		};
/* End PBXProject section */

/* Begin PBXResourcesBuildPhase section */
		E97CA9591E54AC6300901AC7 /* Resources */ = {
			isa = PBXResourcesBuildPhase;
			buildActionMask = 2147483647;
			files = (
				E9951F031E882C2C00457B72 /* ArticlesTableViewCell.xib in Resources */,
				E97CA96C1E54AC6300901AC7 /* LaunchScreen.storyboard in Resources */,
				E90F36CE1E8A721D00E7F85D /* 81v2Ahk8X-L._SX355_.jpg in Resources */,
				E97CA9691E54AC6300901AC7 /* Assets.xcassets in Resources */,
				E97CA9641E54AC6300901AC7 /* Main.storyboard in Resources */,
			);
			runOnlyForDeploymentPostprocessing = 0;
		};
		E97CA9701E54AC6300901AC7 /* Resources */ = {
			isa = PBXResourcesBuildPhase;
			buildActionMask = 2147483647;
			files = (
			);
			runOnlyForDeploymentPostprocessing = 0;
		};
		E97CA97B1E54AC6400901AC7 /* Resources */ = {
			isa = PBXResourcesBuildPhase;
			buildActionMask = 2147483647;
			files = (
			);
			runOnlyForDeploymentPostprocessing = 0;
		};
/* End PBXResourcesBuildPhase section */

/* Begin PBXShellScriptBuildPhase section */
		08CD53571A457C646B88C198 /* [CP] Embed Pods Frameworks */ = {
			isa = PBXShellScriptBuildPhase;
			buildActionMask = 2147483647;
			files = (
			);
			inputPaths = (
			);
			name = "[CP] Embed Pods Frameworks";
			outputPaths = (
			);
			runOnlyForDeploymentPostprocessing = 0;
			shellPath = /bin/sh;
			shellScript = "\"${SRCROOT}/Pods/Target Support Files/Pods-Engenius_client/Pods-Engenius_client-frameworks.sh\"\n";
			showEnvVarsInLog = 0;
		};
		2D8F9C55A449F9BED10AD2DD /* [CP] Copy Pods Resources */ = {
			isa = PBXShellScriptBuildPhase;
			buildActionMask = 2147483647;
			files = (
			);
			inputPaths = (
			);
			name = "[CP] Copy Pods Resources";
			outputPaths = (
			);
			runOnlyForDeploymentPostprocessing = 0;
			shellPath = /bin/sh;
			shellScript = "\"${SRCROOT}/Pods/Target Support Files/Pods-Engenius_client/Pods-Engenius_client-resources.sh\"\n";
			showEnvVarsInLog = 0;
		};
		BEF23431AF8B4A3F3063A6CC /* [CP] Check Pods Manifest.lock */ = {
			isa = PBXShellScriptBuildPhase;
			buildActionMask = 2147483647;
			files = (
			);
			inputPaths = (
			);
			name = "[CP] Check Pods Manifest.lock";
			outputPaths = (
			);
			runOnlyForDeploymentPostprocessing = 0;
			shellPath = /bin/sh;
			shellScript = "diff \"${PODS_ROOT}/../Podfile.lock\" \"${PODS_ROOT}/Manifest.lock\" > /dev/null\nif [ $? != 0 ] ; then\n    # print error to STDERR\n    echo \"error: The sandbox is not in sync with the Podfile.lock. Run 'pod install' or update your CocoaPods installation.\" >&2\n    exit 1\nfi\n";
			showEnvVarsInLog = 0;
		};
		E9207D6E1FA5D19B0068C907 /* ShellScript */ = {
			isa = PBXShellScriptBuildPhase;
			buildActionMask = 2147483647;
			files = (
			);
			inputPaths = (
				"$(SRCROOT)/Carthage/Build/iOS/XLPagerTabStrip.framework",
			);
			outputPaths = (
			);
			runOnlyForDeploymentPostprocessing = 0;
			shellPath = /bin/sh;
			shellScript = "/usr/local/bin/carthage copy-frameworks";
		};
/* End PBXShellScriptBuildPhase section */

/* Begin PBXSourcesBuildPhase section */
		E97CA9571E54AC6300901AC7 /* Sources */ = {
			isa = PBXSourcesBuildPhase;
			buildActionMask = 2147483647;
			files = (
				E9951F021E882C2C00457B72 /* ArticlesTableViewCell.swift in Sources */,
				E97CA9611E54AC6300901AC7 /* EGViewController.swift in Sources */,
				E9C45C101FB70C11008DEE5B /* Article.swift in Sources */,
				E9444E661FB5EC6200D8103F /* EngeniusAPIRouter.swift in Sources */,
				E97CA9671E54AC6300901AC7 /* Engenius_client.xcdatamodeld in Sources */,
				E97CA95F1E54AC6300901AC7 /* AppDelegate.swift in Sources */,
				E99066161E8E203A00FB5EE6 /* ArticlesTableViewController.swift in Sources */,
				E9C7E5481FB50BB30017D8FF /* Category.swift in Sources */,
			);
			runOnlyForDeploymentPostprocessing = 0;
		};
		E97CA96E1E54AC6300901AC7 /* Sources */ = {
			isa = PBXSourcesBuildPhase;
			buildActionMask = 2147483647;
			files = (
				E97CA9771E54AC6300901AC7 /* Engenius_clientTests.swift in Sources */,
			);
			runOnlyForDeploymentPostprocessing = 0;
		};
		E97CA9791E54AC6400901AC7 /* Sources */ = {
			isa = PBXSourcesBuildPhase;
			buildActionMask = 2147483647;
			files = (
				E97CA9821E54AC6400901AC7 /* Engenius_clientUITests.swift in Sources */,
			);
			runOnlyForDeploymentPostprocessing = 0;
		};
/* End PBXSourcesBuildPhase section */

/* Begin PBXTargetDependency section */
		E97CA9741E54AC6300901AC7 /* PBXTargetDependency */ = {
			isa = PBXTargetDependency;
			target = E97CA95A1E54AC6300901AC7 /* Engenius_client */;
			targetProxy = E97CA9731E54AC6300901AC7 /* PBXContainerItemProxy */;
		};
		E97CA97F1E54AC6400901AC7 /* PBXTargetDependency */ = {
			isa = PBXTargetDependency;
			target = E97CA95A1E54AC6300901AC7 /* Engenius_client */;
			targetProxy = E97CA97E1E54AC6400901AC7 /* PBXContainerItemProxy */;
		};
/* End PBXTargetDependency section */

/* Begin PBXVariantGroup section */
		E97CA9621E54AC6300901AC7 /* Main.storyboard */ = {
			isa = PBXVariantGroup;
			children = (
				E97CA9631E54AC6300901AC7 /* Base */,
			);
			name = Main.storyboard;
			sourceTree = "<group>";
		};
		E97CA96A1E54AC6300901AC7 /* LaunchScreen.storyboard */ = {
			isa = PBXVariantGroup;
			children = (
				E97CA96B1E54AC6300901AC7 /* Base */,
			);
			name = LaunchScreen.storyboard;
			sourceTree = "<group>";
		};
/* End PBXVariantGroup section */

/* Begin XCBuildConfiguration section */
		E97CA9841E54AC6400901AC7 /* Debug */ = {
			isa = XCBuildConfiguration;
			buildSettings = {
				ALWAYS_SEARCH_USER_PATHS = NO;
				CLANG_ANALYZER_NONNULL = YES;
				CLANG_CXX_LANGUAGE_STANDARD = "gnu++0x";
				CLANG_CXX_LIBRARY = "libc++";
				CLANG_ENABLE_MODULES = YES;
				CLANG_ENABLE_OBJC_ARC = YES;
				CLANG_WARN_BLOCK_CAPTURE_AUTORELEASING = YES;
				CLANG_WARN_BOOL_CONVERSION = YES;
				CLANG_WARN_COMMA = YES;
				CLANG_WARN_CONSTANT_CONVERSION = YES;
				CLANG_WARN_DIRECT_OBJC_ISA_USAGE = YES_ERROR;
				CLANG_WARN_DOCUMENTATION_COMMENTS = YES;
				CLANG_WARN_EMPTY_BODY = YES;
				CLANG_WARN_ENUM_CONVERSION = YES;
				CLANG_WARN_INFINITE_RECURSION = YES;
				CLANG_WARN_INT_CONVERSION = YES;
				CLANG_WARN_NON_LITERAL_NULL_CONVERSION = YES;
				CLANG_WARN_OBJC_LITERAL_CONVERSION = YES;
				CLANG_WARN_OBJC_ROOT_CLASS = YES_ERROR;
				CLANG_WARN_RANGE_LOOP_ANALYSIS = YES;
				CLANG_WARN_STRICT_PROTOTYPES = YES;
				CLANG_WARN_SUSPICIOUS_MOVE = YES;
				CLANG_WARN_UNREACHABLE_CODE = YES;
				CLANG_WARN__DUPLICATE_METHOD_MATCH = YES;
				"CODE_SIGN_IDENTITY[sdk=iphoneos*]" = "iPhone Developer";
				COPY_PHASE_STRIP = NO;
				DEBUG_INFORMATION_FORMAT = dwarf;
				ENABLE_STRICT_OBJC_MSGSEND = YES;
				ENABLE_TESTABILITY = YES;
				GCC_C_LANGUAGE_STANDARD = gnu99;
				GCC_DYNAMIC_NO_PIC = NO;
				GCC_NO_COMMON_BLOCKS = YES;
				GCC_OPTIMIZATION_LEVEL = 0;
				GCC_PREPROCESSOR_DEFINITIONS = (
					"DEBUG=1",
					"$(inherited)",
				);
				GCC_WARN_64_TO_32_BIT_CONVERSION = YES;
				GCC_WARN_ABOUT_RETURN_TYPE = YES_ERROR;
				GCC_WARN_UNDECLARED_SELECTOR = YES;
				GCC_WARN_UNINITIALIZED_AUTOS = YES_AGGRESSIVE;
				GCC_WARN_UNUSED_FUNCTION = YES;
				GCC_WARN_UNUSED_VARIABLE = YES;
				IPHONEOS_DEPLOYMENT_TARGET = 10.3;
				MTL_ENABLE_DEBUG_INFO = YES;
				ONLY_ACTIVE_ARCH = YES;
				SDKROOT = iphoneos;
				SWIFT_ACTIVE_COMPILATION_CONDITIONS = DEBUG;
				SWIFT_OPTIMIZATION_LEVEL = "-Onone";
			};
			name = Debug;
		};
		E97CA9851E54AC6400901AC7 /* Release */ = {
			isa = XCBuildConfiguration;
			buildSettings = {
				ALWAYS_SEARCH_USER_PATHS = NO;
				CLANG_ANALYZER_NONNULL = YES;
				CLANG_CXX_LANGUAGE_STANDARD = "gnu++0x";
				CLANG_CXX_LIBRARY = "libc++";
				CLANG_ENABLE_MODULES = YES;
				CLANG_ENABLE_OBJC_ARC = YES;
				CLANG_WARN_BLOCK_CAPTURE_AUTORELEASING = YES;
				CLANG_WARN_BOOL_CONVERSION = YES;
				CLANG_WARN_COMMA = YES;
				CLANG_WARN_CONSTANT_CONVERSION = YES;
				CLANG_WARN_DIRECT_OBJC_ISA_USAGE = YES_ERROR;
				CLANG_WARN_DOCUMENTATION_COMMENTS = YES;
				CLANG_WARN_EMPTY_BODY = YES;
				CLANG_WARN_ENUM_CONVERSION = YES;
				CLANG_WARN_INFINITE_RECURSION = YES;
				CLANG_WARN_INT_CONVERSION = YES;
				CLANG_WARN_NON_LITERAL_NULL_CONVERSION = YES;
				CLANG_WARN_OBJC_LITERAL_CONVERSION = YES;
				CLANG_WARN_OBJC_ROOT_CLASS = YES_ERROR;
				CLANG_WARN_RANGE_LOOP_ANALYSIS = YES;
				CLANG_WARN_STRICT_PROTOTYPES = YES;
				CLANG_WARN_SUSPICIOUS_MOVE = YES;
				CLANG_WARN_UNREACHABLE_CODE = YES;
				CLANG_WARN__DUPLICATE_METHOD_MATCH = YES;
				"CODE_SIGN_IDENTITY[sdk=iphoneos*]" = "iPhone Developer";
				COPY_PHASE_STRIP = NO;
				DEBUG_INFORMATION_FORMAT = "dwarf-with-dsym";
				ENABLE_NS_ASSERTIONS = NO;
				ENABLE_STRICT_OBJC_MSGSEND = YES;
				GCC_C_LANGUAGE_STANDARD = gnu99;
				GCC_NO_COMMON_BLOCKS = YES;
				GCC_WARN_64_TO_32_BIT_CONVERSION = YES;
				GCC_WARN_ABOUT_RETURN_TYPE = YES_ERROR;
				GCC_WARN_UNDECLARED_SELECTOR = YES;
				GCC_WARN_UNINITIALIZED_AUTOS = YES_AGGRESSIVE;
				GCC_WARN_UNUSED_FUNCTION = YES;
				GCC_WARN_UNUSED_VARIABLE = YES;
				IPHONEOS_DEPLOYMENT_TARGET = 10.3;
				MTL_ENABLE_DEBUG_INFO = NO;
				SDKROOT = iphoneos;
				SWIFT_OPTIMIZATION_LEVEL = "-Owholemodule";
				VALIDATE_PRODUCT = YES;
			};
			name = Release;
		};
		E97CA9871E54AC6400901AC7 /* Debug */ = {
			isa = XCBuildConfiguration;
			baseConfigurationReference = 1C89CF4DF4183E0AD2362D8C /* Pods-Engenius_client.debug.xcconfig */;
			buildSettings = {
				ALWAYS_EMBED_SWIFT_STANDARD_LIBRARIES = YES;
				ASSETCATALOG_COMPILER_APPICON_NAME = AppIcon;
				CODE_SIGN_IDENTITY = "iPhone Developer";
				DEVELOPMENT_TEAM = 8D69TY9Z9L;
				FRAMEWORK_SEARCH_PATHS = (
					"$(inherited)",
					"$(PROJECT_DIR)/Carthage/Build/iOS",
				);
				INFOPLIST_FILE = Engenius_client/Info.plist;
				LD_RUNPATH_SEARCH_PATHS = "$(inherited) @executable_path/Frameworks";
				PRODUCT_BUNDLE_IDENTIFIER = "ishikawa.Engenius-client";
				PRODUCT_NAME = "$(TARGET_NAME)";
				SWIFT_VERSION = 3.0;
				TARGETED_DEVICE_FAMILY = "1,2";
			};
			name = Debug;
		};
		E97CA9881E54AC6400901AC7 /* Release */ = {
			isa = XCBuildConfiguration;
			baseConfigurationReference = 743EB98D82596569853A51F1 /* Pods-Engenius_client.release.xcconfig */;
			buildSettings = {
				ALWAYS_EMBED_SWIFT_STANDARD_LIBRARIES = YES;
				ASSETCATALOG_COMPILER_APPICON_NAME = AppIcon;
				CODE_SIGN_IDENTITY = "iPhone Developer";
				DEVELOPMENT_TEAM = 8D69TY9Z9L;
				FRAMEWORK_SEARCH_PATHS = (
					"$(inherited)",
					"$(PROJECT_DIR)/Carthage/Build/iOS",
				);
				INFOPLIST_FILE = Engenius_client/Info.plist;
				LD_RUNPATH_SEARCH_PATHS = "$(inherited) @executable_path/Frameworks";
				PRODUCT_BUNDLE_IDENTIFIER = "ishikawa.Engenius-client";
				PRODUCT_NAME = "$(TARGET_NAME)";
				SWIFT_VERSION = 3.0;
				TARGETED_DEVICE_FAMILY = "1,2";
			};
			name = Release;
		};
		E97CA98A1E54AC6400901AC7 /* Debug */ = {
			isa = XCBuildConfiguration;
			buildSettings = {
				ALWAYS_EMBED_SWIFT_STANDARD_LIBRARIES = YES;
				BUNDLE_LOADER = "$(TEST_HOST)";
				INFOPLIST_FILE = Engenius_clientTests/Info.plist;
				LD_RUNPATH_SEARCH_PATHS = "$(inherited) @executable_path/Frameworks @loader_path/Frameworks";
				PRODUCT_BUNDLE_IDENTIFIER = "ishikawa.Engenius-clientTests";
				PRODUCT_NAME = "$(TARGET_NAME)";
				SWIFT_VERSION = 3.0;
				TEST_HOST = "$(BUILT_PRODUCTS_DIR)/Engenius_client.app/Engenius_client";
			};
			name = Debug;
		};
		E97CA98B1E54AC6400901AC7 /* Release */ = {
			isa = XCBuildConfiguration;
			buildSettings = {
				ALWAYS_EMBED_SWIFT_STANDARD_LIBRARIES = YES;
				BUNDLE_LOADER = "$(TEST_HOST)";
				INFOPLIST_FILE = Engenius_clientTests/Info.plist;
				LD_RUNPATH_SEARCH_PATHS = "$(inherited) @executable_path/Frameworks @loader_path/Frameworks";
				PRODUCT_BUNDLE_IDENTIFIER = "ishikawa.Engenius-clientTests";
				PRODUCT_NAME = "$(TARGET_NAME)";
				SWIFT_VERSION = 3.0;
				TEST_HOST = "$(BUILT_PRODUCTS_DIR)/Engenius_client.app/Engenius_client";
			};
			name = Release;
		};
		E97CA98D1E54AC6400901AC7 /* Debug */ = {
			isa = XCBuildConfiguration;
			buildSettings = {
				ALWAYS_EMBED_SWIFT_STANDARD_LIBRARIES = YES;
				INFOPLIST_FILE = Engenius_clientUITests/Info.plist;
				LD_RUNPATH_SEARCH_PATHS = "$(inherited) @executable_path/Frameworks @loader_path/Frameworks";
				PRODUCT_BUNDLE_IDENTIFIER = "ishikawa.Engenius-clientUITests";
				PRODUCT_NAME = "$(TARGET_NAME)";
				SWIFT_VERSION = 3.0;
				TEST_TARGET_NAME = Engenius_client;
			};
			name = Debug;
		};
		E97CA98E1E54AC6400901AC7 /* Release */ = {
			isa = XCBuildConfiguration;
			buildSettings = {
				ALWAYS_EMBED_SWIFT_STANDARD_LIBRARIES = YES;
				INFOPLIST_FILE = Engenius_clientUITests/Info.plist;
				LD_RUNPATH_SEARCH_PATHS = "$(inherited) @executable_path/Frameworks @loader_path/Frameworks";
				PRODUCT_BUNDLE_IDENTIFIER = "ishikawa.Engenius-clientUITests";
				PRODUCT_NAME = "$(TARGET_NAME)";
				SWIFT_VERSION = 3.0;
				TEST_TARGET_NAME = Engenius_client;
			};
			name = Release;
		};
/* End XCBuildConfiguration section */

/* Begin XCConfigurationList section */
		E97CA9561E54AC6300901AC7 /* Build configuration list for PBXProject "Engenius_client" */ = {
			isa = XCConfigurationList;
			buildConfigurations = (
				E97CA9841E54AC6400901AC7 /* Debug */,
				E97CA9851E54AC6400901AC7 /* Release */,
			);
			defaultConfigurationIsVisible = 0;
			defaultConfigurationName = Release;
		};
		E97CA9861E54AC6400901AC7 /* Build configuration list for PBXNativeTarget "Engenius_client" */ = {
			isa = XCConfigurationList;
			buildConfigurations = (
				E97CA9871E54AC6400901AC7 /* Debug */,
				E97CA9881E54AC6400901AC7 /* Release */,
			);
			defaultConfigurationIsVisible = 0;
			defaultConfigurationName = Release;
		};
		E97CA9891E54AC6400901AC7 /* Build configuration list for PBXNativeTarget "Engenius_clientTests" */ = {
			isa = XCConfigurationList;
			buildConfigurations = (
				E97CA98A1E54AC6400901AC7 /* Debug */,
				E97CA98B1E54AC6400901AC7 /* Release */,
			);
			defaultConfigurationIsVisible = 0;
			defaultConfigurationName = Release;
		};
		E97CA98C1E54AC6400901AC7 /* Build configuration list for PBXNativeTarget "Engenius_clientUITests" */ = {
			isa = XCConfigurationList;
			buildConfigurations = (
				E97CA98D1E54AC6400901AC7 /* Debug */,
				E97CA98E1E54AC6400901AC7 /* Release */,
			);
			defaultConfigurationIsVisible = 0;
			defaultConfigurationName = Release;
		};
/* End XCConfigurationList section */

/* Begin XCVersionGroup section */
		E97CA9651E54AC6300901AC7 /* Engenius_client.xcdatamodeld */ = {
			isa = XCVersionGroup;
			children = (
				E97CA9661E54AC6300901AC7 /* Engenius_client.xcdatamodel */,
			);
			currentVersion = E97CA9661E54AC6300901AC7 /* Engenius_client.xcdatamodel */;
			path = Engenius_client.xcdatamodeld;
			sourceTree = "<group>";
			versionGroupType = wrapper.xcdatamodel;
		};
/* End XCVersionGroup section */
	};
	rootObject = E97CA9531E54AC6300901AC7 /* Project object */;
}
